
Microsoft Visual Studio Solution File, Format Version 12.00
# Visual Studio Version 16
VisualStudioVersion = 16.0.30523.141
MinimumVisualStudioVersion = 10.0.40219.1
Project("{FAE04EC0-301F-11D3-BF4B-00C04F79EFBC}") = "UrunTakipSitesi", "UrunTakipSitesi.csproj", "{D82C3CB6-E30C-4EE5-9AAA-ECEE33E3BD72}"
EndProject
Global
	GlobalSection(SolutionConfigurationPlatforms) = preSolution
		Debug|Any CPU = Debug|Any CPU
		Release|Any CPU = Release|Any CPU
	EndGlobalSection
	GlobalSection(ProjectConfigurationPlatforms) = postSolution
		{D82C3CB6-E30C-4EE5-9AAA-ECEE33E3BD72}.Debug|Any CPU.ActiveCfg = Debug|Any CPU
		{D82C3CB6-E30C-4EE5-9AAA-ECEE33E3BD72}.Debug|Any CPU.Build.0 = Debug|Any CPU
		{D82C3CB6-E30C-4EE5-9AAA-ECEE33E3BD72}.Release|Any CPU.ActiveCfg = Release|Any CPU
		{D82C3CB6-E30C-4EE5-9AAA-ECEE33E3BD72}.Release|Any CPU.Build.0 = Release|Any CPU
	EndGlobalSection
	GlobalSection(SolutionProperties) = preSolution
		HideSolutionNode = FALSE
	EndGlobalSection
	GlobalSection(ExtensibilityGlobals) = postSolution
		SolutionGuid = {2E2D775A-9AC1-4F69-A7EC-B286BF3B0FA5}
	EndGlobalSection
EndGlobal
